
Microsoft Visual Studio Solution File, Format Version 12.00
# Visual Studio 15
VisualStudioVersion = 15.0.28010.2036
MinimumVisualStudioVersion = 10.0.40219.1
Project("{FAE04EC0-301F-11D3-BF4B-00C04F79EFBC}") = "DockerTestUi", "DockerTestUi\DockerTestUi.csproj", "{0BF6E50B-1C20-445A-8A51-5E4FCD787324}"
EndProject
Global
	GlobalSection(SolutionConfigurationPlatforms) = preSolution
		Debug|Any CPU = Debug|Any CPU
		Release|Any CPU = Release|Any CPU
	EndGlobalSection
	GlobalSection(ProjectConfigurationPlatforms) = postSolution
		{0BF6E50B-1C20-445A-8A51-5E4FCD787324}.Debug|Any CPU.ActiveCfg = Debug|Any CPU
		{0BF6E50B-1C20-445A-8A51-5E4FCD787324}.Debug|Any CPU.Build.0 = Debug|Any CPU
		{0BF6E50B-1C20-445A-8A51-5E4FCD787324}.Release|Any CPU.ActiveCfg = Release|Any CPU
		{0BF6E50B-1C20-445A-8A51-5E4FCD787324}.Release|Any CPU.Build.0 = Release|Any CPU
	EndGlobalSection
	GlobalSection(SolutionProperties) = preSolution
		HideSolutionNode = FALSE
	EndGlobalSection
	GlobalSection(ExtensibilityGlobals) = postSolution
		SolutionGuid = {F5598E2D-E3E7-4318-99CB-23C6134EB839}
	EndGlobalSection
EndGlobal
